
Microsoft Visual Studio Solution File, Format Version 12.00
# Visual Studio 15
VisualStudioVersion = 15.0.27428.2037
MinimumVisualStudioVersion = 10.0.40219.1
Project("{FAE04EC0-301F-11D3-BF4B-00C04F79EFBC}") = "test", "test\test.csproj", "{1CE0FC4F-97C1-4FC6-94D3-C7484D882AC8}"
EndProject
Project("{FAE04EC0-301F-11D3-BF4B-00C04F79EFBC}") = "UnitTest", "UnitTest\UnitTest.csproj", "{4DA86C15-F563-494B-99D6-3B1DCF1AE033}"
EndProject
Project("{FAE04EC0-301F-11D3-BF4B-00C04F79EFBC}") = "DB", "DB\DB.csproj", "{270E61DE-2BC6-42A2-A963-4FFBFA1EE75B}"
EndProject
Global
	GlobalSection(SolutionConfigurationPlatforms) = preSolution
		Debug|Any CPU = Debug|Any CPU
		Release|Any CPU = Release|Any CPU
	EndGlobalSection
	GlobalSection(ProjectConfigurationPlatforms) = postSolution
		{1CE0FC4F-97C1-4FC6-94D3-C7484D882AC8}.Debug|Any CPU.ActiveCfg = Debug|Any CPU
		{1CE0FC4F-97C1-4FC6-94D3-C7484D882AC8}.Debug|Any CPU.Build.0 = Debug|Any CPU
		{1CE0FC4F-97C1-4FC6-94D3-C7484D882AC8}.Release|Any CPU.ActiveCfg = Release|Any CPU
		{1CE0FC4F-97C1-4FC6-94D3-C7484D882AC8}.Release|Any CPU.Build.0 = Release|Any CPU
		{4DA86C15-F563-494B-99D6-3B1DCF1AE033}.Debug|Any CPU.ActiveCfg = Debug|Any CPU
		{4DA86C15-F563-494B-99D6-3B1DCF1AE033}.Debug|Any CPU.Build.0 = Debug|Any CPU
		{4DA86C15-F563-494B-99D6-3B1DCF1AE033}.Release|Any CPU.ActiveCfg = Release|Any CPU
		{4DA86C15-F563-494B-99D6-3B1DCF1AE033}.Release|Any CPU.Build.0 = Release|Any CPU
		{270E61DE-2BC6-42A2-A963-4FFBFA1EE75B}.Debug|Any CPU.ActiveCfg = Debug|Any CPU
		{270E61DE-2BC6-42A2-A963-4FFBFA1EE75B}.Debug|Any CPU.Build.0 = Debug|Any CPU
		{270E61DE-2BC6-42A2-A963-4FFBFA1EE75B}.Release|Any CPU.ActiveCfg = Release|Any CPU
		{270E61DE-2BC6-42A2-A963-4FFBFA1EE75B}.Release|Any CPU.Build.0 = Release|Any CPU
	EndGlobalSection
	GlobalSection(SolutionProperties) = preSolution
		HideSolutionNode = FALSE
	EndGlobalSection
	GlobalSection(ExtensibilityGlobals) = postSolution
		SolutionGuid = {C12DA722-D9C7-4DF4-A4E3-4AF3174DA864}
	EndGlobalSection
EndGlobal
